// !$*UTF8*$!
{
	archiveVersion = 1;
	classes = {
	};
	objectVersion = 50;
	objects = {

/* Begin PBXBuildFile section */
		B5FF0D13233862E8003ADBA3 /* AppDelegate.swift in Sources */ = {isa = PBXBuildFile; fileRef = B5FF0D12233862E8003ADBA3 /* AppDelegate.swift */; };
		B5FF0D15233862E8003ADBA3 /* ViewController.swift in Sources */ = {isa = PBXBuildFile; fileRef = B5FF0D14233862E8003ADBA3 /* ViewController.swift */; };
		B5FF0D18233862E8003ADBA3 /* Main.storyboard in Resources */ = {isa = PBXBuildFile; fileRef = B5FF0D16233862E8003ADBA3 /* Main.storyboard */; };
		B5FF0D1A233862EC003ADBA3 /* Assets.xcassets in Resources */ = {isa = PBXBuildFile; fileRef = B5FF0D19233862EC003ADBA3 /* Assets.xcassets */; };
		B5FF0D1D233862EC003ADBA3 /* LaunchScreen.storyboard in Resources */ = {isa = PBXBuildFile; fileRef = B5FF0D1B233862EC003ADBA3 /* LaunchScreen.storyboard */; };
		B5FF0D2523386EA7003ADBA3 /* DetailViewController.swift in Sources */ = {isa = PBXBuildFile; fileRef = B5FF0D2423386EA7003ADBA3 /* DetailViewController.swift */; };
/* End PBXBuildFile section */

/* Begin PBXFileReference section */
		B5FF0D0F233862E8003ADBA3 /* To do List.app */ = {isa = PBXFileReference; explicitFileType = wrapper.application; includeInIndex = 0; path = "To do List.app"; sourceTree = BUILT_PRODUCTS_DIR; };
		B5FF0D12233862E8003ADBA3 /* AppDelegate.swift */ = {isa = PBXFileReference; lastKnownFileType = sourcecode.swift; path = AppDelegate.swift; sourceTree = "<group>"; };
		B5FF0D14233862E8003ADBA3 /* ViewController.swift */ = {isa = PBXFileReference; lastKnownFileType = sourcecode.swift; path = ViewController.swift; sourceTree = "<group>"; };
		B5FF0D17233862E8003ADBA3 /* Base */ = {isa = PBXFileReference; lastKnownFileType = file.storyboard; name = Base; path = Base.lproj/Main.storyboard; sourceTree = "<group>"; };
		B5FF0D19233862EC003ADBA3 /* Assets.xcassets */ = {isa = PBXFileReference; lastKnownFileType = folder.assetcatalog; path = Assets.xcassets; sourceTree = "<group>"; };
		B5FF0D1C233862EC003ADBA3 /* Base */ = {isa = PBXFileReference; lastKnownFileType = file.storyboard; name = Base; path = Base.lproj/LaunchScreen.storyboard; sourceTree = "<group>"; };
		B5FF0D1E233862EC003ADBA3 /* Info.plist */ = {isa = PBXFileReference; lastKnownFileType = text.plist.xml; path = Info.plist; sourceTree = "<group>"; };
		B5FF0D2423386EA7003ADBA3 /* DetailViewController.swift */ = {isa = PBXFileReference; lastKnownFileType = sourcecode.swift; path = DetailViewController.swift; sourceTree = "<group>"; };
/* End PBXFileReference section */

/* Begin PBXFrameworksBuildPhase section */
		B5FF0D0C233862E8003ADBA3 /* Frameworks */ = {
			isa = PBXFrameworksBuildPhase;
			buildActionMask = 2147483647;
			files = (
			);
			runOnlyForDeploymentPostprocessing = 0;
		};
/* End PBXFrameworksBuildPhase section */

/* Begin PBXGroup section */
		B5FF0D06233862E8003ADBA3 = {
			isa = PBXGroup;
			children = (
				B5FF0D11233862E8003ADBA3 /* To do List */,
				B5FF0D10233862E8003ADBA3 /* Products */,
			);
			sourceTree = "<group>";
		};
		B5FF0D10233862E8003ADBA3 /* Products */ = {
			isa = PBXGroup;
			children = (
				B5FF0D0F233862E8003ADBA3 /* To do List.app */,
			);
			name = Products;
			sourceTree = "<group>";
		};
		B5FF0D11233862E8003ADBA3 /* To do List */ = {
			isa = PBXGroup;
			children = (
				B5FF0D12233862E8003ADBA3 /* AppDelegate.swift */,
				B5FF0D14233862E8003ADBA3 /* ViewController.swift */,
				B5FF0D16233862E8003ADBA3 /* Main.storyboard */,
				B5FF0D2423386EA7003ADBA3 /* DetailViewController.swift */,
				B5FF0D19233862EC003ADBA3 /* Assets.xcassets */,
				B5FF0D1B233862EC003ADBA3 /* LaunchScreen.storyboard */,
				B5FF0D1E233862EC003ADBA3 /* Info.plist */,
			);
			path = "To do List";
			sourceTree = "<group>";
		};
/* End PBXGroup section */

/* Begin PBXNativeTarget section */
		B5FF0D0E233862E8003ADBA3 /* To do List */ = {
			isa = PBXNativeTarget;
			buildConfigurationList = B5FF0D21233862EC003ADBA3 /* Build configuration list for PBXNativeTarget "To do List" */;
			buildPhases = (
				B5FF0D0B233862E8003ADBA3 /* Sources */,
				B5FF0D0C233862E8003ADBA3 /* Frameworks */,
				B5FF0D0D233862E8003ADBA3 /* Resources */,
			);
			buildRules = (
			);
			dependencies = (
			);
			name = "To do List";
			productName = "To do List";
			productReference = B5FF0D0F233862E8003ADBA3 /* To do List.app */;
			productType = "com.apple.product-type.application";
		};
/* End PBXNativeTarget section */

/* Begin PBXProject section */
		B5FF0D07233862E8003ADBA3 /* Project object */ = {
			isa = PBXProject;
			attributes = {
				LastSwiftUpdateCheck = 1030;
				LastUpgradeCheck = 1030;
				ORGANIZATIONNAME = "Andres de la Cruz";
				TargetAttributes = {
					B5FF0D0E233862E8003ADBA3 = {
						CreatedOnToolsVersion = 10.3;
					};
				};
			};
			buildConfigurationList = B5FF0D0A233862E8003ADBA3 /* Build configuration list for PBXProject "To do List" */;
			compatibilityVersion = "Xcode 9.3";
			developmentRegion = en;
			hasScannedForEncodings = 0;
			knownRegions = (
				en,
				Base,
			);
			mainGroup = B5FF0D06233862E8003ADBA3;
			productRefGroup = B5FF0D10233862E8003ADBA3 /* Products */;
			projectDirPath = "";
			projectRoot = "";
			targets = (
				B5FF0D0E233862E8003ADBA3 /* To do List */,
			);
		};
/* End PBXProject section */

/* Begin PBXResourcesBuildPhase section */
		B5FF0D0D233862E8003ADBA3 /* Resources */ = {
			isa = PBXResourcesBuildPhase;
			buildActionMask = 2147483647;
			files = (
				B5FF0D1D233862EC003ADBA3 /* LaunchScreen.storyboard in Resources */,
				B5FF0D1A233862EC003ADBA3 /* Assets.xcassets in Resources */,
				B5FF0D18233862E8003ADBA3 /* Main.storyboard in Resources */,
			);
			runOnlyForDeploymentPostprocessing = 0;
		};
/* End PBXResourcesBuildPhase section */

/* Begin PBXSourcesBuildPhase section */
		B5FF0D0B233862E8003ADBA3 /* Sources */ = {
			isa = PBXSourcesBuildPhase;
			buildActionMask = 2147483647;
			files = (
				B5FF0D2523386EA7003ADBA3 /* DetailViewController.swift in Sources */,
				B5FF0D15233862E8003ADBA3 /* ViewController.swift in Sources */,
				B5FF0D13233862E8003ADBA3 /* AppDelegate.swift in Sources */,
			);
			runOnlyForDeploymentPostprocessing = 0;
		};
/* End PBXSourcesBuildPhase section */

/* Begin PBXVariantGroup section */
		B5FF0D16233862E8003ADBA3 /* Main.storyboard */ = {
			isa = PBXVariantGroup;
			children = (
				B5FF0D17233862E8003ADBA3 /* Base */,
			);
			name = Main.storyboard;
			sourceTree = "<group>";
		};
		B5FF0D1B233862EC003ADBA3 /* LaunchScreen.storyboard */ = {
			isa = PBXVariantGroup;
			children = (
				B5FF0D1C233862EC003ADBA3 /* Base */,
			);
			name = LaunchScreen.storyboard;
			sourceTree = "<group>";
		};
/* End PBXVariantGroup section */

/* Begin XCBuildConfiguration section */
		B5FF0D1F233862EC003ADBA3 /* Debug */ = {
			isa = XCBuildConfiguration;
			buildSettings = {
				ALWAYS_SEARCH_USER_PATHS = NO;
				CLANG_ANALYZER_NONNULL = YES;
				CLANG_ANALYZER_NUMBER_OBJECT_CONVERSION = YES_AGGRESSIVE;
				CLANG_CXX_LANGUAGE_STANDARD = "gnu++14";
				CLANG_CXX_LIBRARY = "libc++";
				CLANG_ENABLE_MODULES = YES;
				CLANG_ENABLE_OBJC_ARC = YES;
				CLANG_ENABLE_OBJC_WEAK = YES;
				CLANG_WARN_BLOCK_CAPTURE_AUTORELEASING = YES;
				CLANG_WARN_BOOL_CONVERSION = YES;
				CLANG_WARN_COMMA = YES;
				CLANG_WARN_CONSTANT_CONVERSION = YES;
				CLANG_WARN_DEPRECATED_OBJC_IMPLEMENTATIONS = YES;
				CLANG_WARN_DIRECT_OBJC_ISA_USAGE = YES_ERROR;
				CLANG_WARN_DOCUMENTATION_COMMENTS = YES;
				CLANG_WARN_EMPTY_BODY = YES;
				CLANG_WARN_ENUM_CONVERSION = YES;
				CLANG_WARN_INFINITE_RECURSION = YES;
				CLANG_WARN_INT_CONVERSION = YES;
				CLANG_WARN_NON_LITERAL_NULL_CONVERSION = YES;
				CLANG_WARN_OBJC_IMPLICIT_RETAIN_SELF = YES;
				CLANG_WARN_OBJC_LITERAL_CONVERSION = YES;
				CLANG_WARN_OBJC_ROOT_CLASS = YES_ERROR;
				CLANG_WARN_RANGE_LOOP_ANALYSIS = YES;
				CLANG_WARN_STRICT_PROTOTYPES = YES;
				CLANG_WARN_SUSPICIOUS_MOVE = YES;
				CLANG_WARN_UNGUARDED_AVAILABILITY = YES_AGGRESSIVE;
				CLANG_WARN_UNREACHABLE_CODE = YES;
				CLANG_WARN__DUPLICATE_METHOD_MATCH = YES;
				CODE_SIGN_IDENTITY = "iPhone Developer";
				COPY_PHASE_STRIP = NO;
				DEBUG_INFORMATION_FORMAT = dwarf;
				ENABLE_STRICT_OBJC_MSGSEND = YES;
				ENABLE_TESTABILITY = YES;
				GCC_C_LANGUAGE_STANDARD = gnu11;
				GCC_DYNAMIC_NO_PIC = NO;
				GCC_NO_COMMON_BLOCKS = YES;
				GCC_OPTIMIZATION_LEVEL = 0;
				GCC_PREPROCESSOR_DEFINITIONS = (
					"DEBUG=1",
					"$(inherited)",
				);
				GCC_WARN_64_TO_32_BIT_CONVERSION = YES;
				GCC_WARN_ABOUT_RETURN_TYPE = YES_ERROR;
				GCC_WARN_UNDECLARED_SELECTOR = YES;
				GCC_WARN_UNINITIALIZED_AUTOS = YES_AGGRESSIVE;
				GCC_WARN_UNUSED_FUNCTION = YES;
				GCC_WARN_UNUSED_VARIABLE = YES;
				IPHONEOS_DEPLOYMENT_TARGET = 12.4;
				MTL_ENABLE_DEBUG_INFO = INCLUDE_SOURCE;
				MTL_FAST_MATH = YES;
				ONLY_ACTIVE_ARCH = YES;
				SDKROOT = iphoneos;
				SWIFT_ACTIVE_COMPILATION_CONDITIONS = DEBUG;
				SWIFT_OPTIMIZATION_LEVEL = "-Onone";
			};
			name = Debug;
		};
		B5FF0D20233862EC003ADBA3 /* Release */ = {
			isa = XCBuildConfiguration;
			buildSettings = {
				ALWAYS_SEARCH_USER_PATHS = NO;
				CLANG_ANALYZER_NONNULL = YES;
				CLANG_ANALYZER_NUMBER_OBJECT_CONVERSION = YES_AGGRESSIVE;
				CLANG_CXX_LANGUAGE_STANDARD = "gnu++14";
				CLANG_CXX_LIBRARY = "libc++";
				CLANG_ENABLE_MODULES = YES;
				CLANG_ENABLE_OBJC_ARC = YES;
				CLANG_ENABLE_OBJC_WEAK = YES;
				CLANG_WARN_BLOCK_CAPTURE_AUTORELEASING = YES;
				CLANG_WARN_BOOL_CONVERSION = YES;
				CLANG_WARN_COMMA = YES;
				CLANG_WARN_CONSTANT_CONVERSION = YES;
				CLANG_WARN_DEPRECATED_OBJC_IMPLEMENTATIONS = YES;
				CLANG_WARN_DIRECT_OBJC_ISA_USAGE = YES_ERROR;
				CLANG_WARN_DOCUMENTATION_COMMENTS = YES;
				CLANG_WARN_EMPTY_BODY = YES;
				CLANG_WARN_ENUM_CONVERSION = YES;
				CLANG_WARN_INFINITE_RECURSION = YES;
				CLANG_WARN_INT_CONVERSION = YES;
				CLANG_WARN_NON_LITERAL_NULL_CONVERSION = YES;
				CLANG_WARN_OBJC_IMPLICIT_RETAIN_SELF = YES;
				CLANG_WARN_OBJC_LITERAL_CONVERSION = YES;
				CLANG_WARN_OBJC_ROOT_CLASS = YES_ERROR;
				CLANG_WARN_RANGE_LOOP_ANALYSIS = YES;
				CLANG_WARN_STRICT_PROTOTYPES = YES;
				CLANG_WARN_SUSPICIOUS_MOVE = YES;
				CLANG_WARN_UNGUARDED_AVAILABILITY = YES_AGGRESSIVE;
				CLANG_WARN_UNREACHABLE_CODE = YES;
				CLANG_WARN__DUPLICATE_METHOD_MATCH = YES;
				CODE_SIGN_IDENTITY = "iPhone Developer";
				COPY_PHASE_STRIP = NO;
				DEBUG_INFORMATION_FORMAT = "dwarf-with-dsym";
				ENABLE_NS_ASSERTIONS = NO;
				ENABLE_STRICT_OBJC_MSGSEND = YES;
				GCC_C_LANGUAGE_STANDARD = gnu11;
				GCC_NO_COMMON_BLOCKS = YES;
				GCC_WARN_64_TO_32_BIT_CONVERSION = YES;
				GCC_WARN_ABOUT_RETURN_TYPE = YES_ERROR;
				GCC_WARN_UNDECLARED_SELECTOR = YES;
				GCC_WARN_UNINITIALIZED_AUTOS = YES_AGGRESSIVE;
				GCC_WARN_UNUSED_FUNCTION = YES;
				GCC_WARN_UNUSED_VARIABLE = YES;
				IPHONEOS_DEPLOYMENT_TARGET = 12.4;
				MTL_ENABLE_DEBUG_INFO = NO;
				MTL_FAST_MATH = YES;
				SDKROOT = iphoneos;
				SWIFT_COMPILATION_MODE = wholemodule;
				SWIFT_OPTIMIZATION_LEVEL = "-O";
				VALIDATE_PRODUCT = YES;
			};
			name = Release;
		};
		B5FF0D22233862EC003ADBA3 /* Debug */ = {
			isa = XCBuildConfiguration;
			buildSettings = {
				ASSETCATALOG_COMPILER_APPICON_NAME = AppIcon;
				CODE_SIGN_STYLE = Automatic;
				DEVELOPMENT_TEAM = D7KSN5FG2D;
				INFOPLIST_FILE = "To do List/Info.plist";
				LD_RUNPATH_SEARCH_PATHS = (
					"$(inherited)",
					"@executable_path/Frameworks",
				);
				PRODUCT_BUNDLE_IDENTIFIER = "com.delacraa.To-do-List";
				PRODUCT_NAME = "$(TARGET_NAME)";
				SWIFT_VERSION = 5.0;
				TARGETED_DEVICE_FAMILY = "1,2";
			};
			name = Debug;
		};
		B5FF0D23233862EC003ADBA3 /* Release */ = {
			isa = XCBuildConfiguration;
			buildSettings = {
				ASSETCATALOG_COMPILER_APPICON_NAME = AppIcon;
				CODE_SIGN_STYLE = Automatic;
				DEVELOPMENT_TEAM = D7KSN5FG2D;
				INFOPLIST_FILE = "To do List/Info.plist";
				LD_RUNPATH_SEARCH_PATHS = (
					"$(inherited)",
					"@executable_path/Frameworks",
				);
				PRODUCT_BUNDLE_IDENTIFIER = "com.delacraa.To-do-List";
				PRODUCT_NAME = "$(TARGET_NAME)";
				SWIFT_VERSION = 5.0;
				TARGETED_DEVICE_FAMILY = "1,2";
			};
			name = Release;
		};
/* End XCBuildConfiguration section */

/* Begin XCConfigurationList section */
		B5FF0D0A233862E8003ADBA3 /* Build configuration list for PBXProject "To do List" */ = {
			isa = XCConfigurationList;
			buildConfigurations = (
				B5FF0D1F233862EC003ADBA3 /* Debug */,
				B5FF0D20233862EC003ADBA3 /* Release */,
			);
			defaultConfigurationIsVisible = 0;
			defaultConfigurationName = Release;
		};
		B5FF0D21233862EC003ADBA3 /* Build configuration list for PBXNativeTarget "To do List" */ = {
			isa = XCConfigurationList;
			buildConfigurations = (
				B5FF0D22233862EC003ADBA3 /* Debug */,
				B5FF0D23233862EC003ADBA3 /* Release */,
			);
			defaultConfigurationIsVisible = 0;
			defaultConfigurationName = Release;
		};
/* End XCConfigurationList section */
	};
	rootObject = B5FF0D07233862E8003ADBA3 /* Project object */;
}
